
Microsoft Visual Studio Solution File, Format Version 12.00
# Visual Studio 15
VisualStudioVersion = 15.0.28307.136
MinimumVisualStudioVersion = 10.0.40219.1
Project("{FAE04EC0-301F-11D3-BF4B-00C04F79EFBC}") = "Start", "Start\Start.csproj", "{2AEA8575-C94D-401B-B40B-E48476CBDC40}"
EndProject
Project("{FAE04EC0-301F-11D3-BF4B-00C04F79EFBC}") = "ModelDemo", "ModelDemo\ModelDemo.csproj", "{47962F9C-B0B4-4952-B75D-848440020E8B}"
EndProject
Global
	GlobalSection(SolutionConfigurationPlatforms) = preSolution
		Debug|Any CPU = Debug|Any CPU
		Release|Any CPU = Release|Any CPU
	EndGlobalSection
	GlobalSection(ProjectConfigurationPlatforms) = postSolution
		{2AEA8575-C94D-401B-B40B-E48476CBDC40}.Debug|Any CPU.ActiveCfg = Debug|Any CPU
		{2AEA8575-C94D-401B-B40B-E48476CBDC40}.Debug|Any CPU.Build.0 = Debug|Any CPU
		{2AEA8575-C94D-401B-B40B-E48476CBDC40}.Release|Any CPU.ActiveCfg = Release|Any CPU
		{2AEA8575-C94D-401B-B40B-E48476CBDC40}.Release|Any CPU.Build.0 = Release|Any CPU
		{47962F9C-B0B4-4952-B75D-848440020E8B}.Debug|Any CPU.ActiveCfg = Debug|Any CPU
		{47962F9C-B0B4-4952-B75D-848440020E8B}.Debug|Any CPU.Build.0 = Debug|Any CPU
		{47962F9C-B0B4-4952-B75D-848440020E8B}.Release|Any CPU.ActiveCfg = Release|Any CPU
		{47962F9C-B0B4-4952-B75D-848440020E8B}.Release|Any CPU.Build.0 = Release|Any CPU
	EndGlobalSection
	GlobalSection(SolutionProperties) = preSolution
		HideSolutionNode = FALSE
	EndGlobalSection
	GlobalSection(ExtensibilityGlobals) = postSolution
		SolutionGuid = {F93510C3-5E26-47E8-868B-7F0014A1F5CF}
	EndGlobalSection
EndGlobal
